// !$*UTF8*$!
{
	archiveVersion = 1;
	classes = {
	};
	objectVersion = 50;
	objects = {

/* Begin PBXBuildFile section */
		BCA298FA26F816DF006D85F4 /* TraditionalSetFeature.swift in Sources */ = {isa = PBXBuildFile; fileRef = BCA298F926F816DF006D85F4 /* TraditionalSetFeature.swift */; };
		BCDA276926E96C8500A1960C /* SetGame.swift in Sources */ = {isa = PBXBuildFile; fileRef = BCDA276826E96C8500A1960C /* SetGame.swift */; };
		BCDA277426EAF30100A1960C /* TraditionalSetGame.swift in Sources */ = {isa = PBXBuildFile; fileRef = BCDA277326EAF30100A1960C /* TraditionalSetGame.swift */; };
		BCDA277726F28B0F00A1960C /* TraditionalSetGameView.swift in Sources */ = {isa = PBXBuildFile; fileRef = BCDA277626F28B0F00A1960C /* TraditionalSetGameView.swift */; };
		BCDA277A26F2C28A00A1960C /* AspectVGrid.swift in Sources */ = {isa = PBXBuildFile; fileRef = BCDA277926F2C28A00A1960C /* AspectVGrid.swift */; };
		BCE598F526CECA3C005E143F /* SetApp.swift in Sources */ = {isa = PBXBuildFile; fileRef = BCE598F426CECA3C005E143F /* SetApp.swift */; };
		BCE598F726CECA3C005E143F /* ContentView.swift in Sources */ = {isa = PBXBuildFile; fileRef = BCE598F626CECA3C005E143F /* ContentView.swift */; };
		BCE598F926CECA3E005E143F /* Assets.xcassets in Resources */ = {isa = PBXBuildFile; fileRef = BCE598F826CECA3E005E143F /* Assets.xcassets */; };
		BCE598FC26CECA3E005E143F /* Preview Assets.xcassets in Resources */ = {isa = PBXBuildFile; fileRef = BCE598FB26CECA3E005E143F /* Preview Assets.xcassets */; };
/* End PBXBuildFile section */

/* Begin PBXFileReference section */
		BCA298F926F816DF006D85F4 /* TraditionalSetFeature.swift */ = {isa = PBXFileReference; lastKnownFileType = sourcecode.swift; path = TraditionalSetFeature.swift; sourceTree = "<group>"; };
		BCDA276826E96C8500A1960C /* SetGame.swift */ = {isa = PBXFileReference; lastKnownFileType = sourcecode.swift; path = SetGame.swift; sourceTree = "<group>"; };
		BCDA277326EAF30100A1960C /* TraditionalSetGame.swift */ = {isa = PBXFileReference; lastKnownFileType = sourcecode.swift; path = TraditionalSetGame.swift; sourceTree = "<group>"; };
		BCDA277626F28B0F00A1960C /* TraditionalSetGameView.swift */ = {isa = PBXFileReference; lastKnownFileType = sourcecode.swift; path = TraditionalSetGameView.swift; sourceTree = "<group>"; };
		BCDA277926F2C28A00A1960C /* AspectVGrid.swift */ = {isa = PBXFileReference; fileEncoding = 4; lastKnownFileType = sourcecode.swift; path = AspectVGrid.swift; sourceTree = "<group>"; };
		BCE598F126CECA3C005E143F /* Set.app */ = {isa = PBXFileReference; explicitFileType = wrapper.application; includeInIndex = 0; path = Set.app; sourceTree = BUILT_PRODUCTS_DIR; };
		BCE598F426CECA3C005E143F /* SetApp.swift */ = {isa = PBXFileReference; lastKnownFileType = sourcecode.swift; path = SetApp.swift; sourceTree = "<group>"; };
		BCE598F626CECA3C005E143F /* ContentView.swift */ = {isa = PBXFileReference; lastKnownFileType = sourcecode.swift; path = ContentView.swift; sourceTree = "<group>"; };
		BCE598F826CECA3E005E143F /* Assets.xcassets */ = {isa = PBXFileReference; lastKnownFileType = folder.assetcatalog; path = Assets.xcassets; sourceTree = "<group>"; };
		BCE598FB26CECA3E005E143F /* Preview Assets.xcassets */ = {isa = PBXFileReference; lastKnownFileType = folder.assetcatalog; path = "Preview Assets.xcassets"; sourceTree = "<group>"; };
		BCE598FD26CECA3E005E143F /* Info.plist */ = {isa = PBXFileReference; lastKnownFileType = text.plist.xml; path = Info.plist; sourceTree = "<group>"; };
/* End PBXFileReference section */

/* Begin PBXFrameworksBuildPhase section */
		BCE598EE26CECA3C005E143F /* Frameworks */ = {
			isa = PBXFrameworksBuildPhase;
			buildActionMask = 2147483647;
			files = (
			);
			runOnlyForDeploymentPostprocessing = 0;
		};
/* End PBXFrameworksBuildPhase section */

/* Begin PBXGroup section */
		BCE598E826CECA3C005E143F = {
			isa = PBXGroup;
			children = (
				BCE598F326CECA3C005E143F /* Set */,
				BCE598F226CECA3C005E143F /* Products */,
			);
			sourceTree = "<group>";
		};
		BCE598F226CECA3C005E143F /* Products */ = {
			isa = PBXGroup;
			children = (
				BCE598F126CECA3C005E143F /* Set.app */,
			);
			name = Products;
			sourceTree = "<group>";
		};
		BCE598F326CECA3C005E143F /* Set */ = {
			isa = PBXGroup;
			children = (
				BCE598F426CECA3C005E143F /* SetApp.swift */,
				BCE598F626CECA3C005E143F /* ContentView.swift */,
				BCE598F826CECA3E005E143F /* Assets.xcassets */,
				BCE598FD26CECA3E005E143F /* Info.plist */,
				BCE598FA26CECA3E005E143F /* Preview Content */,
				BCDA276826E96C8500A1960C /* SetGame.swift */,
				BCDA277326EAF30100A1960C /* TraditionalSetGame.swift */,
				BCDA277626F28B0F00A1960C /* TraditionalSetGameView.swift */,
				BCA298F926F816DF006D85F4 /* TraditionalSetFeature.swift */,
				BCDA277926F2C28A00A1960C /* AspectVGrid.swift */,
			);
			path = Set;
			sourceTree = "<group>";
		};
		BCE598FA26CECA3E005E143F /* Preview Content */ = {
			isa = PBXGroup;
			children = (
				BCE598FB26CECA3E005E143F /* Preview Assets.xcassets */,
			);
			path = "Preview Content";
			sourceTree = "<group>";
		};
/* End PBXGroup section */

/* Begin PBXNativeTarget section */
		BCE598F026CECA3C005E143F /* Set */ = {
			isa = PBXNativeTarget;
			buildConfigurationList = BCE5990026CECA3E005E143F /* Build configuration list for PBXNativeTarget "Set" */;
			buildPhases = (
				BCE598ED26CECA3C005E143F /* Sources */,
				BCE598EE26CECA3C005E143F /* Frameworks */,
				BCE598EF26CECA3C005E143F /* Resources */,
			);
			buildRules = (
			);
			dependencies = (
			);
			name = Set;
			productName = Set;
			productReference = BCE598F126CECA3C005E143F /* Set.app */;
			productType = "com.apple.product-type.application";
		};
/* End PBXNativeTarget section */

/* Begin PBXProject section */
		BCE598E926CECA3C005E143F /* Project object */ = {
			isa = PBXProject;
			attributes = {
				LastSwiftUpdateCheck = 1240;
				LastUpgradeCheck = 1240;
				TargetAttributes = {
					BCE598F026CECA3C005E143F = {
						CreatedOnToolsVersion = 12.4;
					};
				};
			};
			buildConfigurationList = BCE598EC26CECA3C005E143F /* Build configuration list for PBXProject "Set" */;
			compatibilityVersion = "Xcode 9.3";
			developmentRegion = en;
			hasScannedForEncodings = 0;
			knownRegions = (
				en,
				Base,
			);
			mainGroup = BCE598E826CECA3C005E143F;
			productRefGroup = BCE598F226CECA3C005E143F /* Products */;
			projectDirPath = "";
			projectRoot = "";
			targets = (
				BCE598F026CECA3C005E143F /* Set */,
			);
		};
/* End PBXProject section */

/* Begin PBXResourcesBuildPhase section */
		BCE598EF26CECA3C005E143F /* Resources */ = {
			isa = PBXResourcesBuildPhase;
			buildActionMask = 2147483647;
			files = (
				BCE598FC26CECA3E005E143F /* Preview Assets.xcassets in Resources */,
				BCE598F926CECA3E005E143F /* Assets.xcassets in Resources */,
			);
			runOnlyForDeploymentPostprocessing = 0;
		};
/* End PBXResourcesBuildPhase section */

/* Begin PBXSourcesBuildPhase section */
		BCE598ED26CECA3C005E143F /* Sources */ = {
			isa = PBXSourcesBuildPhase;
			buildActionMask = 2147483647;
			files = (
				BCDA277426EAF30100A1960C /* TraditionalSetGame.swift in Sources */,
				BCE598F726CECA3C005E143F /* ContentView.swift in Sources */,
				BCA298FA26F816DF006D85F4 /* TraditionalSetFeature.swift in Sources */,
				BCDA277A26F2C28A00A1960C /* AspectVGrid.swift in Sources */,
				BCDA276926E96C8500A1960C /* SetGame.swift in Sources */,
				BCDA277726F28B0F00A1960C /* TraditionalSetGameView.swift in Sources */,
				BCE598F526CECA3C005E143F /* SetApp.swift in Sources */,
			);
			runOnlyForDeploymentPostprocessing = 0;
		};
/* End PBXSourcesBuildPhase section */

/* Begin XCBuildConfiguration section */
		BCE598FE26CECA3E005E143F /* Debug */ = {
			isa = XCBuildConfiguration;
			buildSettings = {
				ALWAYS_SEARCH_USER_PATHS = NO;
				CLANG_ANALYZER_NONNULL = YES;
				CLANG_ANALYZER_NUMBER_OBJECT_CONVERSION = YES_AGGRESSIVE;
				CLANG_CXX_LANGUAGE_STANDARD = "gnu++14";
				CLANG_CXX_LIBRARY = "libc++";
				CLANG_ENABLE_MODULES = YES;
				CLANG_ENABLE_OBJC_ARC = YES;
				CLANG_ENABLE_OBJC_WEAK = YES;
				CLANG_WARN_BLOCK_CAPTURE_AUTORELEASING = YES;
				CLANG_WARN_BOOL_CONVERSION = YES;
				CLANG_WARN_COMMA = YES;
				CLANG_WARN_CONSTANT_CONVERSION = YES;
				CLANG_WARN_DEPRECATED_OBJC_IMPLEMENTATIONS = YES;
				CLANG_WARN_DIRECT_OBJC_ISA_USAGE = YES_ERROR;
				CLANG_WARN_DOCUMENTATION_COMMENTS = YES;
				CLANG_WARN_EMPTY_BODY = YES;
				CLANG_WARN_ENUM_CONVERSION = YES;
				CLANG_WARN_INFINITE_RECURSION = YES;
				CLANG_WARN_INT_CONVERSION = YES;
				CLANG_WARN_NON_LITERAL_NULL_CONVERSION = YES;
				CLANG_WARN_OBJC_IMPLICIT_RETAIN_SELF = YES;
				CLANG_WARN_OBJC_LITERAL_CONVERSION = YES;
				CLANG_WARN_OBJC_ROOT_CLASS = YES_ERROR;
				CLANG_WARN_QUOTED_INCLUDE_IN_FRAMEWORK_HEADER = YES;
				CLANG_WARN_RANGE_LOOP_ANALYSIS = YES;
				CLANG_WARN_STRICT_PROTOTYPES = YES;
				CLANG_WARN_SUSPICIOUS_MOVE = YES;
				CLANG_WARN_UNGUARDED_AVAILABILITY = YES_AGGRESSIVE;
				CLANG_WARN_UNREACHABLE_CODE = YES;
				CLANG_WARN__DUPLICATE_METHOD_MATCH = YES;
				COPY_PHASE_STRIP = NO;
				DEBUG_INFORMATION_FORMAT = dwarf;
				ENABLE_STRICT_OBJC_MSGSEND = YES;
				ENABLE_TESTABILITY = YES;
				GCC_C_LANGUAGE_STANDARD = gnu11;
				GCC_DYNAMIC_NO_PIC = NO;
				GCC_NO_COMMON_BLOCKS = YES;
				GCC_OPTIMIZATION_LEVEL = 0;
				GCC_PREPROCESSOR_DEFINITIONS = (
					"DEBUG=1",
					"$(inherited)",
				);
				GCC_WARN_64_TO_32_BIT_CONVERSION = YES;
				GCC_WARN_ABOUT_RETURN_TYPE = YES_ERROR;
				GCC_WARN_UNDECLARED_SELECTOR = YES;
				GCC_WARN_UNINITIALIZED_AUTOS = YES_AGGRESSIVE;
				GCC_WARN_UNUSED_FUNCTION = YES;
				GCC_WARN_UNUSED_VARIABLE = YES;
				IPHONEOS_DEPLOYMENT_TARGET = 14.4;
				MTL_ENABLE_DEBUG_INFO = INCLUDE_SOURCE;
				MTL_FAST_MATH = YES;
				ONLY_ACTIVE_ARCH = YES;
				SDKROOT = iphoneos;
				SWIFT_ACTIVE_COMPILATION_CONDITIONS = DEBUG;
				SWIFT_OPTIMIZATION_LEVEL = "-Onone";
			};
			name = Debug;
		};
		BCE598FF26CECA3E005E143F /* Release */ = {
			isa = XCBuildConfiguration;
			buildSettings = {
				ALWAYS_SEARCH_USER_PATHS = NO;
				CLANG_ANALYZER_NONNULL = YES;
				CLANG_ANALYZER_NUMBER_OBJECT_CONVERSION = YES_AGGRESSIVE;
				CLANG_CXX_LANGUAGE_STANDARD = "gnu++14";
				CLANG_CXX_LIBRARY = "libc++";
				CLANG_ENABLE_MODULES = YES;
				CLANG_ENABLE_OBJC_ARC = YES;
				CLANG_ENABLE_OBJC_WEAK = YES;
				CLANG_WARN_BLOCK_CAPTURE_AUTORELEASING = YES;
				CLANG_WARN_BOOL_CONVERSION = YES;
				CLANG_WARN_COMMA = YES;
				CLANG_WARN_CONSTANT_CONVERSION = YES;
				CLANG_WARN_DEPRECATED_OBJC_IMPLEMENTATIONS = YES;
				CLANG_WARN_DIRECT_OBJC_ISA_USAGE = YES_ERROR;
				CLANG_WARN_DOCUMENTATION_COMMENTS = YES;
				CLANG_WARN_EMPTY_BODY = YES;
				CLANG_WARN_ENUM_CONVERSION = YES;
				CLANG_WARN_INFINITE_RECURSION = YES;
				CLANG_WARN_INT_CONVERSION = YES;
				CLANG_WARN_NON_LITERAL_NULL_CONVERSION = YES;
				CLANG_WARN_OBJC_IMPLICIT_RETAIN_SELF = YES;
				CLANG_WARN_OBJC_LITERAL_CONVERSION = YES;
				CLANG_WARN_OBJC_ROOT_CLASS = YES_ERROR;
				CLANG_WARN_QUOTED_INCLUDE_IN_FRAMEWORK_HEADER = YES;
				CLANG_WARN_RANGE_LOOP_ANALYSIS = YES;
				CLANG_WARN_STRICT_PROTOTYPES = YES;
				CLANG_WARN_SUSPICIOUS_MOVE = YES;
				CLANG_WARN_UNGUARDED_AVAILABILITY = YES_AGGRESSIVE;
				CLANG_WARN_UNREACHABLE_CODE = YES;
				CLANG_WARN__DUPLICATE_METHOD_MATCH = YES;
				COPY_PHASE_STRIP = NO;
				DEBUG_INFORMATION_FORMAT = "dwarf-with-dsym";
				ENABLE_NS_ASSERTIONS = NO;
				ENABLE_STRICT_OBJC_MSGSEND = YES;
				GCC_C_LANGUAGE_STANDARD = gnu11;
				GCC_NO_COMMON_BLOCKS = YES;
				GCC_WARN_64_TO_32_BIT_CONVERSION = YES;
				GCC_WARN_ABOUT_RETURN_TYPE = YES_ERROR;
				GCC_WARN_UNDECLARED_SELECTOR = YES;
				GCC_WARN_UNINITIALIZED_AUTOS = YES_AGGRESSIVE;
				GCC_WARN_UNUSED_FUNCTION = YES;
				GCC_WARN_UNUSED_VARIABLE = YES;
				IPHONEOS_DEPLOYMENT_TARGET = 14.4;
				MTL_ENABLE_DEBUG_INFO = NO;
				MTL_FAST_MATH = YES;
				SDKROOT = iphoneos;
				SWIFT_COMPILATION_MODE = wholemodule;
				SWIFT_OPTIMIZATION_LEVEL = "-O";
				VALIDATE_PRODUCT = YES;
			};
			name = Release;
		};
		BCE5990126CECA3E005E143F /* Debug */ = {
			isa = XCBuildConfiguration;
			buildSettings = {
				ASSETCATALOG_COMPILER_APPICON_NAME = AppIcon;
				ASSETCATALOG_COMPILER_GLOBAL_ACCENT_COLOR_NAME = AccentColor;
				CODE_SIGN_STYLE = Automatic;
				DEVELOPMENT_ASSET_PATHS = "\"Set/Preview Content\"";
				DEVELOPMENT_TEAM = 62RP57ZM6G;
				ENABLE_PREVIEWS = YES;
				INFOPLIST_FILE = Set/Info.plist;
				IPHONEOS_DEPLOYMENT_TARGET = 14.0;
				LD_RUNPATH_SEARCH_PATHS = (
					"$(inherited)",
					"@executable_path/Frameworks",
				);
				PRODUCT_BUNDLE_IDENTIFIER = edu.stanford.cs193p.ryanzubery.Set;
				PRODUCT_NAME = "$(TARGET_NAME)";
				SWIFT_VERSION = 5.0;
				TARGETED_DEVICE_FAMILY = "1,2";
			};
			name = Debug;
		};
		BCE5990226CECA3E005E143F /* Release */ = {
			isa = XCBuildConfiguration;
			buildSettings = {
				ASSETCATALOG_COMPILER_APPICON_NAME = AppIcon;
				ASSETCATALOG_COMPILER_GLOBAL_ACCENT_COLOR_NAME = AccentColor;
				CODE_SIGN_STYLE = Automatic;
				DEVELOPMENT_ASSET_PATHS = "\"Set/Preview Content\"";
				DEVELOPMENT_TEAM = 62RP57ZM6G;
				ENABLE_PREVIEWS = YES;
				INFOPLIST_FILE = Set/Info.plist;
				IPHONEOS_DEPLOYMENT_TARGET = 14.0;
				LD_RUNPATH_SEARCH_PATHS = (
					"$(inherited)",
					"@executable_path/Frameworks",
				);
				PRODUCT_BUNDLE_IDENTIFIER = edu.stanford.cs193p.ryanzubery.Set;
				PRODUCT_NAME = "$(TARGET_NAME)";
				SWIFT_VERSION = 5.0;
				TARGETED_DEVICE_FAMILY = "1,2";
			};
			name = Release;
		};
/* End XCBuildConfiguration section */

/* Begin XCConfigurationList section */
		BCE598EC26CECA3C005E143F /* Build configuration list for PBXProject "Set" */ = {
			isa = XCConfigurationList;
			buildConfigurations = (
				BCE598FE26CECA3E005E143F /* Debug */,
				BCE598FF26CECA3E005E143F /* Release */,
			);
			defaultConfigurationIsVisible = 0;
			defaultConfigurationName = Release;
		};
		BCE5990026CECA3E005E143F /* Build configuration list for PBXNativeTarget "Set" */ = {
			isa = XCConfigurationList;
			buildConfigurations = (
				BCE5990126CECA3E005E143F /* Debug */,
				BCE5990226CECA3E005E143F /* Release */,
			);
			defaultConfigurationIsVisible = 0;
			defaultConfigurationName = Release;
		};
/* End XCConfigurationList section */
	};
	rootObject = BCE598E926CECA3C005E143F /* Project object */;
}
